{
  "requires": true,
  "lockfileVersion": 1,
  "dependencies": {
    "aframe-gltf-part-component": {
      "version": "1.2.0",
      "resolved": "https://registry.npmjs.org/aframe-gltf-part-component/-/aframe-gltf-part-component-1.2.0.tgz",
      "integrity": "sha512-VopKzYXg5V+mT6///hK/2t+m0ro0qBj6BjahaxwvY+9I6KG5ihS/0IP6M5frZ8aS6OsZRSqQRGlhWPoqT6eYSg=="
    }
  }
}
